// !$*UTF8*$!
{
	archiveVersion = 1;
	classes = {
	};
	objectVersion = 50;
	objects = {

/* Begin PBXBuildFile section */
		CA66E03B250FBFC60014A13F /* AppDelegate.swift in Sources */ = {isa = PBXBuildFile; fileRef = CA66E03A250FBFC60014A13F /* AppDelegate.swift */; };
		CA66E03D250FBFC60014A13F /* SceneDelegate.swift in Sources */ = {isa = PBXBuildFile; fileRef = CA66E03C250FBFC60014A13F /* SceneDelegate.swift */; };
		CA66E03F250FBFC60014A13F /* ContentView.swift in Sources */ = {isa = PBXBuildFile; fileRef = CA66E03E250FBFC60014A13F /* ContentView.swift */; };
		CA66E041250FBFCD0014A13F /* Assets.xcassets in Resources */ = {isa = PBXBuildFile; fileRef = CA66E040250FBFCD0014A13F /* Assets.xcassets */; };
		CA66E044250FBFCD0014A13F /* Preview Assets.xcassets in Resources */ = {isa = PBXBuildFile; fileRef = CA66E043250FBFCD0014A13F /* Preview Assets.xcassets */; };
		CA66E047250FBFCD0014A13F /* LaunchScreen.storyboard in Resources */ = {isa = PBXBuildFile; fileRef = CA66E045250FBFCD0014A13F /* LaunchScreen.storyboard */; };
		CA66E050250FC2530014A13F /* CarsListView.swift in Sources */ = {isa = PBXBuildFile; fileRef = CA66E04F250FC2530014A13F /* CarsListView.swift */; };
		CA66E052250FC2670014A13F /* CarsListViewModel.swift in Sources */ = {isa = PBXBuildFile; fileRef = CA66E051250FC2670014A13F /* CarsListViewModel.swift */; };
		CA66E055250FC2730014A13F /* Car.swift in Sources */ = {isa = PBXBuildFile; fileRef = CA66E054250FC2730014A13F /* Car.swift */; };
		CA66E058250FC33D0014A13F /* Navigation.swift in Sources */ = {isa = PBXBuildFile; fileRef = CA66E057250FC33D0014A13F /* Navigation.swift */; };
		CA66E0602510700F0014A13F /* CreateCarView.swift in Sources */ = {isa = PBXBuildFile; fileRef = CA66E05F2510700F0014A13F /* CreateCarView.swift */; };
		CA66E0622510701C0014A13F /* CreateCarViewModel.swift in Sources */ = {isa = PBXBuildFile; fileRef = CA66E0612510701C0014A13F /* CreateCarViewModel.swift */; };
/* End PBXBuildFile section */

/* Begin PBXFileReference section */
		CA66E037250FBFC60014A13F /* CarApp.app */ = {isa = PBXFileReference; explicitFileType = wrapper.application; includeInIndex = 0; path = CarApp.app; sourceTree = BUILT_PRODUCTS_DIR; };
		CA66E03A250FBFC60014A13F /* AppDelegate.swift */ = {isa = PBXFileReference; lastKnownFileType = sourcecode.swift; path = AppDelegate.swift; sourceTree = "<group>"; };
		CA66E03C250FBFC60014A13F /* SceneDelegate.swift */ = {isa = PBXFileReference; lastKnownFileType = sourcecode.swift; path = SceneDelegate.swift; sourceTree = "<group>"; };
		CA66E03E250FBFC60014A13F /* ContentView.swift */ = {isa = PBXFileReference; lastKnownFileType = sourcecode.swift; path = ContentView.swift; sourceTree = "<group>"; };
		CA66E040250FBFCD0014A13F /* Assets.xcassets */ = {isa = PBXFileReference; lastKnownFileType = folder.assetcatalog; path = Assets.xcassets; sourceTree = "<group>"; };
		CA66E043250FBFCD0014A13F /* Preview Assets.xcassets */ = {isa = PBXFileReference; lastKnownFileType = folder.assetcatalog; path = "Preview Assets.xcassets"; sourceTree = "<group>"; };
		CA66E046250FBFCD0014A13F /* Base */ = {isa = PBXFileReference; lastKnownFileType = file.storyboard; name = Base; path = Base.lproj/LaunchScreen.storyboard; sourceTree = "<group>"; };
		CA66E048250FBFCD0014A13F /* Info.plist */ = {isa = PBXFileReference; lastKnownFileType = text.plist.xml; path = Info.plist; sourceTree = "<group>"; };
		CA66E04F250FC2530014A13F /* CarsListView.swift */ = {isa = PBXFileReference; lastKnownFileType = sourcecode.swift; path = CarsListView.swift; sourceTree = "<group>"; };
		CA66E051250FC2670014A13F /* CarsListViewModel.swift */ = {isa = PBXFileReference; lastKnownFileType = sourcecode.swift; path = CarsListViewModel.swift; sourceTree = "<group>"; };
		CA66E054250FC2730014A13F /* Car.swift */ = {isa = PBXFileReference; lastKnownFileType = sourcecode.swift; path = Car.swift; sourceTree = "<group>"; };
		CA66E057250FC33D0014A13F /* Navigation.swift */ = {isa = PBXFileReference; lastKnownFileType = sourcecode.swift; path = Navigation.swift; sourceTree = "<group>"; };
		CA66E05F2510700F0014A13F /* CreateCarView.swift */ = {isa = PBXFileReference; lastKnownFileType = sourcecode.swift; path = CreateCarView.swift; sourceTree = "<group>"; };
		CA66E0612510701C0014A13F /* CreateCarViewModel.swift */ = {isa = PBXFileReference; lastKnownFileType = sourcecode.swift; path = CreateCarViewModel.swift; sourceTree = "<group>"; };
/* End PBXFileReference section */

/* Begin PBXFrameworksBuildPhase section */
		CA66E034250FBFC60014A13F /* Frameworks */ = {
			isa = PBXFrameworksBuildPhase;
			buildActionMask = 2147483647;
			files = (
			);
			runOnlyForDeploymentPostprocessing = 0;
		};
/* End PBXFrameworksBuildPhase section */

/* Begin PBXGroup section */
		CA66E02E250FBFC60014A13F = {
			isa = PBXGroup;
			children = (
				CA66E039250FBFC60014A13F /* CarApp */,
				CA66E038250FBFC60014A13F /* Products */,
			);
			sourceTree = "<group>";
		};
		CA66E038250FBFC60014A13F /* Products */ = {
			isa = PBXGroup;
			children = (
				CA66E037250FBFC60014A13F /* CarApp.app */,
			);
			name = Products;
			sourceTree = "<group>";
		};
		CA66E039250FBFC60014A13F /* CarApp */ = {
			isa = PBXGroup;
			children = (
				CA66E056250FC2960014A13F /* Extension */,
				CA66E053250FC26B0014A13F /* Models */,
				CA66E05E25106FFC0014A13F /* CreateCar */,
				CA66E04E250FC2130014A13F /* CarsList */,
				CA66E03A250FBFC60014A13F /* AppDelegate.swift */,
				CA66E03C250FBFC60014A13F /* SceneDelegate.swift */,
				CA66E03E250FBFC60014A13F /* ContentView.swift */,
				CA66E040250FBFCD0014A13F /* Assets.xcassets */,
				CA66E045250FBFCD0014A13F /* LaunchScreen.storyboard */,
				CA66E048250FBFCD0014A13F /* Info.plist */,
				CA66E042250FBFCD0014A13F /* Preview Content */,
			);
			path = CarApp;
			sourceTree = "<group>";
		};
		CA66E042250FBFCD0014A13F /* Preview Content */ = {
			isa = PBXGroup;
			children = (
				CA66E043250FBFCD0014A13F /* Preview Assets.xcassets */,
			);
			path = "Preview Content";
			sourceTree = "<group>";
		};
		CA66E04E250FC2130014A13F /* CarsList */ = {
			isa = PBXGroup;
			children = (
				CA66E04F250FC2530014A13F /* CarsListView.swift */,
				CA66E051250FC2670014A13F /* CarsListViewModel.swift */,
			);
			path = CarsList;
			sourceTree = "<group>";
		};
		CA66E053250FC26B0014A13F /* Models */ = {
			isa = PBXGroup;
			children = (
				CA66E054250FC2730014A13F /* Car.swift */,
			);
			path = Models;
			sourceTree = "<group>";
		};
		CA66E056250FC2960014A13F /* Extension */ = {
			isa = PBXGroup;
			children = (
				CA66E057250FC33D0014A13F /* Navigation.swift */,
			);
			path = Extension;
			sourceTree = "<group>";
		};
		CA66E05E25106FFC0014A13F /* CreateCar */ = {
			isa = PBXGroup;
			children = (
				CA66E05F2510700F0014A13F /* CreateCarView.swift */,
				CA66E0612510701C0014A13F /* CreateCarViewModel.swift */,
			);
			path = CreateCar;
			sourceTree = "<group>";
		};
/* End PBXGroup section */

/* Begin PBXNativeTarget section */
		CA66E036250FBFC60014A13F /* CarApp */ = {
			isa = PBXNativeTarget;
			buildConfigurationList = CA66E04B250FBFCD0014A13F /* Build configuration list for PBXNativeTarget "CarApp" */;
			buildPhases = (
				CA66E033250FBFC60014A13F /* Sources */,
				CA66E034250FBFC60014A13F /* Frameworks */,
				CA66E035250FBFC60014A13F /* Resources */,
			);
			buildRules = (
			);
			dependencies = (
			);
			name = CarApp;
			productName = CarApp;
			productReference = CA66E037250FBFC60014A13F /* CarApp.app */;
			productType = "com.apple.product-type.application";
		};
/* End PBXNativeTarget section */

/* Begin PBXProject section */
		CA66E02F250FBFC60014A13F /* Project object */ = {
			isa = PBXProject;
			attributes = {
				LastSwiftUpdateCheck = 1160;
				LastUpgradeCheck = 1160;
				ORGANIZATIONNAME = "Кристина Перегудова";
				TargetAttributes = {
					CA66E036250FBFC60014A13F = {
						CreatedOnToolsVersion = 11.6;
					};
				};
			};
			buildConfigurationList = CA66E032250FBFC60014A13F /* Build configuration list for PBXProject "CarApp" */;
			compatibilityVersion = "Xcode 9.3";
			developmentRegion = en;
			hasScannedForEncodings = 0;
			knownRegions = (
				en,
				Base,
			);
			mainGroup = CA66E02E250FBFC60014A13F;
			productRefGroup = CA66E038250FBFC60014A13F /* Products */;
			projectDirPath = "";
			projectRoot = "";
			targets = (
				CA66E036250FBFC60014A13F /* CarApp */,
			);
		};
/* End PBXProject section */

/* Begin PBXResourcesBuildPhase section */
		CA66E035250FBFC60014A13F /* Resources */ = {
			isa = PBXResourcesBuildPhase;
			buildActionMask = 2147483647;
			files = (
				CA66E047250FBFCD0014A13F /* LaunchScreen.storyboard in Resources */,
				CA66E044250FBFCD0014A13F /* Preview Assets.xcassets in Resources */,
				CA66E041250FBFCD0014A13F /* Assets.xcassets in Resources */,
			);
			runOnlyForDeploymentPostprocessing = 0;
		};
/* End PBXResourcesBuildPhase section */

/* Begin PBXSourcesBuildPhase section */
		CA66E033250FBFC60014A13F /* Sources */ = {
			isa = PBXSourcesBuildPhase;
			buildActionMask = 2147483647;
			files = (
				CA66E03B250FBFC60014A13F /* AppDelegate.swift in Sources */,
				CA66E0622510701C0014A13F /* CreateCarViewModel.swift in Sources */,
				CA66E050250FC2530014A13F /* CarsListView.swift in Sources */,
				CA66E058250FC33D0014A13F /* Navigation.swift in Sources */,
				CA66E0602510700F0014A13F /* CreateCarView.swift in Sources */,
				CA66E055250FC2730014A13F /* Car.swift in Sources */,
				CA66E03D250FBFC60014A13F /* SceneDelegate.swift in Sources */,
				CA66E03F250FBFC60014A13F /* ContentView.swift in Sources */,
				CA66E052250FC2670014A13F /* CarsListViewModel.swift in Sources */,
			);
			runOnlyForDeploymentPostprocessing = 0;
		};
/* End PBXSourcesBuildPhase section */

/* Begin PBXVariantGroup section */
		CA66E045250FBFCD0014A13F /* LaunchScreen.storyboard */ = {
			isa = PBXVariantGroup;
			children = (
				CA66E046250FBFCD0014A13F /* Base */,
			);
			name = LaunchScreen.storyboard;
			sourceTree = "<group>";
		};
/* End PBXVariantGroup section */

/* Begin XCBuildConfiguration section */
		CA66E049250FBFCD0014A13F /* Debug */ = {
			isa = XCBuildConfiguration;
			buildSettings = {
				ALWAYS_SEARCH_USER_PATHS = NO;
				CLANG_ANALYZER_NONNULL = YES;
				CLANG_ANALYZER_NUMBER_OBJECT_CONVERSION = YES_AGGRESSIVE;
				CLANG_CXX_LANGUAGE_STANDARD = "gnu++14";
				CLANG_CXX_LIBRARY = "libc++";
				CLANG_ENABLE_MODULES = YES;
				CLANG_ENABLE_OBJC_ARC = YES;
				CLANG_ENABLE_OBJC_WEAK = YES;
				CLANG_WARN_BLOCK_CAPTURE_AUTORELEASING = YES;
				CLANG_WARN_BOOL_CONVERSION = YES;
				CLANG_WARN_COMMA = YES;
				CLANG_WARN_CONSTANT_CONVERSION = YES;
				CLANG_WARN_DEPRECATED_OBJC_IMPLEMENTATIONS = YES;
				CLANG_WARN_DIRECT_OBJC_ISA_USAGE = YES_ERROR;
				CLANG_WARN_DOCUMENTATION_COMMENTS = YES;
				CLANG_WARN_EMPTY_BODY = YES;
				CLANG_WARN_ENUM_CONVERSION = YES;
				CLANG_WARN_INFINITE_RECURSION = YES;
				CLANG_WARN_INT_CONVERSION = YES;
				CLANG_WARN_NON_LITERAL_NULL_CONVERSION = YES;
				CLANG_WARN_OBJC_IMPLICIT_RETAIN_SELF = YES;
				CLANG_WARN_OBJC_LITERAL_CONVERSION = YES;
				CLANG_WARN_OBJC_ROOT_CLASS = YES_ERROR;
				CLANG_WARN_RANGE_LOOP_ANALYSIS = YES;
				CLANG_WARN_STRICT_PROTOTYPES = YES;
				CLANG_WARN_SUSPICIOUS_MOVE = YES;
				CLANG_WARN_UNGUARDED_AVAILABILITY = YES_AGGRESSIVE;
				CLANG_WARN_UNREACHABLE_CODE = YES;
				CLANG_WARN__DUPLICATE_METHOD_MATCH = YES;
				COPY_PHASE_STRIP = NO;
				DEBUG_INFORMATION_FORMAT = dwarf;
				ENABLE_STRICT_OBJC_MSGSEND = YES;
				ENABLE_TESTABILITY = YES;
				GCC_C_LANGUAGE_STANDARD = gnu11;
				GCC_DYNAMIC_NO_PIC = NO;
				GCC_NO_COMMON_BLOCKS = YES;
				GCC_OPTIMIZATION_LEVEL = 0;
				GCC_PREPROCESSOR_DEFINITIONS = (
					"DEBUG=1",
					"$(inherited)",
				);
				GCC_WARN_64_TO_32_BIT_CONVERSION = YES;
				GCC_WARN_ABOUT_RETURN_TYPE = YES_ERROR;
				GCC_WARN_UNDECLARED_SELECTOR = YES;
				GCC_WARN_UNINITIALIZED_AUTOS = YES_AGGRESSIVE;
				GCC_WARN_UNUSED_FUNCTION = YES;
				GCC_WARN_UNUSED_VARIABLE = YES;
				IPHONEOS_DEPLOYMENT_TARGET = 13.6;
				MTL_ENABLE_DEBUG_INFO = INCLUDE_SOURCE;
				MTL_FAST_MATH = YES;
				ONLY_ACTIVE_ARCH = YES;
				SDKROOT = iphoneos;
				SWIFT_ACTIVE_COMPILATION_CONDITIONS = DEBUG;
				SWIFT_OPTIMIZATION_LEVEL = "-Onone";
			};
			name = Debug;
		};
		CA66E04A250FBFCD0014A13F /* Release */ = {
			isa = XCBuildConfiguration;
			buildSettings = {
				ALWAYS_SEARCH_USER_PATHS = NO;
				CLANG_ANALYZER_NONNULL = YES;
				CLANG_ANALYZER_NUMBER_OBJECT_CONVERSION = YES_AGGRESSIVE;
				CLANG_CXX_LANGUAGE_STANDARD = "gnu++14";
				CLANG_CXX_LIBRARY = "libc++";
				CLANG_ENABLE_MODULES = YES;
				CLANG_ENABLE_OBJC_ARC = YES;
				CLANG_ENABLE_OBJC_WEAK = YES;
				CLANG_WARN_BLOCK_CAPTURE_AUTORELEASING = YES;
				CLANG_WARN_BOOL_CONVERSION = YES;
				CLANG_WARN_COMMA = YES;
				CLANG_WARN_CONSTANT_CONVERSION = YES;
				CLANG_WARN_DEPRECATED_OBJC_IMPLEMENTATIONS = YES;
				CLANG_WARN_DIRECT_OBJC_ISA_USAGE = YES_ERROR;
				CLANG_WARN_DOCUMENTATION_COMMENTS = YES;
				CLANG_WARN_EMPTY_BODY = YES;
				CLANG_WARN_ENUM_CONVERSION = YES;
				CLANG_WARN_INFINITE_RECURSION = YES;
				CLANG_WARN_INT_CONVERSION = YES;
				CLANG_WARN_NON_LITERAL_NULL_CONVERSION = YES;
				CLANG_WARN_OBJC_IMPLICIT_RETAIN_SELF = YES;
				CLANG_WARN_OBJC_LITERAL_CONVERSION = YES;
				CLANG_WARN_OBJC_ROOT_CLASS = YES_ERROR;
				CLANG_WARN_RANGE_LOOP_ANALYSIS = YES;
				CLANG_WARN_STRICT_PROTOTYPES = YES;
				CLANG_WARN_SUSPICIOUS_MOVE = YES;
				CLANG_WARN_UNGUARDED_AVAILABILITY = YES_AGGRESSIVE;
				CLANG_WARN_UNREACHABLE_CODE = YES;
				CLANG_WARN__DUPLICATE_METHOD_MATCH = YES;
				COPY_PHASE_STRIP = NO;
				DEBUG_INFORMATION_FORMAT = "dwarf-with-dsym";
				ENABLE_NS_ASSERTIONS = NO;
				ENABLE_STRICT_OBJC_MSGSEND = YES;
				GCC_C_LANGUAGE_STANDARD = gnu11;
				GCC_NO_COMMON_BLOCKS = YES;
				GCC_WARN_64_TO_32_BIT_CONVERSION = YES;
				GCC_WARN_ABOUT_RETURN_TYPE = YES_ERROR;
				GCC_WARN_UNDECLARED_SELECTOR = YES;
				GCC_WARN_UNINITIALIZED_AUTOS = YES_AGGRESSIVE;
				GCC_WARN_UNUSED_FUNCTION = YES;
				GCC_WARN_UNUSED_VARIABLE = YES;
				IPHONEOS_DEPLOYMENT_TARGET = 13.6;
				MTL_ENABLE_DEBUG_INFO = NO;
				MTL_FAST_MATH = YES;
				SDKROOT = iphoneos;
				SWIFT_COMPILATION_MODE = wholemodule;
				SWIFT_OPTIMIZATION_LEVEL = "-O";
				VALIDATE_PRODUCT = YES;
			};
			name = Release;
		};
		CA66E04C250FBFCD0014A13F /* Debug */ = {
			isa = XCBuildConfiguration;
			buildSettings = {
				ASSETCATALOG_COMPILER_APPICON_NAME = AppIcon;
				CODE_SIGN_STYLE = Automatic;
				DEVELOPMENT_ASSET_PATHS = "\"CarApp/Preview Content\"";
				DEVELOPMENT_TEAM = 7NZPBTA9R6;
				ENABLE_PREVIEWS = YES;
				INFOPLIST_FILE = CarApp/Info.plist;
				LD_RUNPATH_SEARCH_PATHS = (
					"$(inherited)",
					"@executable_path/Frameworks",
				);
				PRODUCT_BUNDLE_IDENTIFIER = com.perekrist.CarApp;
				PRODUCT_NAME = "$(TARGET_NAME)";
				SWIFT_VERSION = 5.0;
				TARGETED_DEVICE_FAMILY = "1,2";
			};
			name = Debug;
		};
		CA66E04D250FBFCD0014A13F /* Release */ = {
			isa = XCBuildConfiguration;
			buildSettings = {
				ASSETCATALOG_COMPILER_APPICON_NAME = AppIcon;
				CODE_SIGN_STYLE = Automatic;
				DEVELOPMENT_ASSET_PATHS = "\"CarApp/Preview Content\"";
				DEVELOPMENT_TEAM = 7NZPBTA9R6;
				ENABLE_PREVIEWS = YES;
				INFOPLIST_FILE = CarApp/Info.plist;
				LD_RUNPATH_SEARCH_PATHS = (
					"$(inherited)",
					"@executable_path/Frameworks",
				);
				PRODUCT_BUNDLE_IDENTIFIER = com.perekrist.CarApp;
				PRODUCT_NAME = "$(TARGET_NAME)";
				SWIFT_VERSION = 5.0;
				TARGETED_DEVICE_FAMILY = "1,2";
			};
			name = Release;
		};
/* End XCBuildConfiguration section */

/* Begin XCConfigurationList section */
		CA66E032250FBFC60014A13F /* Build configuration list for PBXProject "CarApp" */ = {
			isa = XCConfigurationList;
			buildConfigurations = (
				CA66E049250FBFCD0014A13F /* Debug */,
				CA66E04A250FBFCD0014A13F /* Release */,
			);
			defaultConfigurationIsVisible = 0;
			defaultConfigurationName = Release;
		};
		CA66E04B250FBFCD0014A13F /* Build configuration list for PBXNativeTarget "CarApp" */ = {
			isa = XCConfigurationList;
			buildConfigurations = (
				CA66E04C250FBFCD0014A13F /* Debug */,
				CA66E04D250FBFCD0014A13F /* Release */,
			);
			defaultConfigurationIsVisible = 0;
			defaultConfigurationName = Release;
		};
/* End XCConfigurationList section */
	};
	rootObject = CA66E02F250FBFC60014A13F /* Project object */;
}
